// !$*UTF8*$!
{
	archiveVersion = 1;
	classes = {
	};
	objectVersion = 56;
	objects = {

/* Begin PBXBuildFile section */
		EF56A5082BDB27D900AD28B5 /* SwiftUICustomToggleApp.swift in Sources */ = {isa = PBXBuildFile; fileRef = EF56A5072BDB27D900AD28B5 /* SwiftUICustomToggleApp.swift */; };
		EF56A50A2BDB27D900AD28B5 /* ContentView.swift in Sources */ = {isa = PBXBuildFile; fileRef = EF56A5092BDB27D900AD28B5 /* ContentView.swift */; };
		EF56A50C2BDB27DB00AD28B5 /* Assets.xcassets in Resources */ = {isa = PBXBuildFile; fileRef = EF56A50B2BDB27DB00AD28B5 /* Assets.xcassets */; };
		EF56A50F2BDB27DB00AD28B5 /* Preview Assets.xcassets in Resources */ = {isa = PBXBuildFile; fileRef = EF56A50E2BDB27DB00AD28B5 /* Preview Assets.xcassets */; };
		EF56A5192BDB27DB00AD28B5 /* SwiftUICustomToggleTests.swift in Sources */ = {isa = PBXBuildFile; fileRef = EF56A5182BDB27DB00AD28B5 /* SwiftUICustomToggleTests.swift */; };
		EF56A5232BDB27DB00AD28B5 /* SwiftUICustomToggleUITests.swift in Sources */ = {isa = PBXBuildFile; fileRef = EF56A5222BDB27DB00AD28B5 /* SwiftUICustomToggleUITests.swift */; };
		EF56A5252BDB27DB00AD28B5 /* SwiftUICustomToggleUITestsLaunchTests.swift in Sources */ = {isa = PBXBuildFile; fileRef = EF56A5242BDB27DB00AD28B5 /* SwiftUICustomToggleUITestsLaunchTests.swift */; };
/* End PBXBuildFile section */

/* Begin PBXContainerItemProxy section */
		EF56A5152BDB27DB00AD28B5 /* PBXContainerItemProxy */ = {
			isa = PBXContainerItemProxy;
			containerPortal = EF56A4FC2BDB27D900AD28B5 /* Project object */;
			proxyType = 1;
			remoteGlobalIDString = EF56A5032BDB27D900AD28B5;
			remoteInfo = SwiftUICustomToggle;
		};
		EF56A51F2BDB27DB00AD28B5 /* PBXContainerItemProxy */ = {
			isa = PBXContainerItemProxy;
			containerPortal = EF56A4FC2BDB27D900AD28B5 /* Project object */;
			proxyType = 1;
			remoteGlobalIDString = EF56A5032BDB27D900AD28B5;
			remoteInfo = SwiftUICustomToggle;
		};
/* End PBXContainerItemProxy section */

/* Begin PBXFileReference section */
		EF56A5042BDB27D900AD28B5 /* SwiftUICustomToggle.app */ = {isa = PBXFileReference; explicitFileType = wrapper.application; includeInIndex = 0; path = SwiftUICustomToggle.app; sourceTree = BUILT_PRODUCTS_DIR; };
		EF56A5072BDB27D900AD28B5 /* SwiftUICustomToggleApp.swift */ = {isa = PBXFileReference; lastKnownFileType = sourcecode.swift; path = SwiftUICustomToggleApp.swift; sourceTree = "<group>"; };
		EF56A5092BDB27D900AD28B5 /* ContentView.swift */ = {isa = PBXFileReference; lastKnownFileType = sourcecode.swift; path = ContentView.swift; sourceTree = "<group>"; };
		EF56A50B2BDB27DB00AD28B5 /* Assets.xcassets */ = {isa = PBXFileReference; lastKnownFileType = folder.assetcatalog; path = Assets.xcassets; sourceTree = "<group>"; };
		EF56A50E2BDB27DB00AD28B5 /* Preview Assets.xcassets */ = {isa = PBXFileReference; lastKnownFileType = folder.assetcatalog; path = "Preview Assets.xcassets"; sourceTree = "<group>"; };
		EF56A5142BDB27DB00AD28B5 /* SwiftUICustomToggleTests.xctest */ = {isa = PBXFileReference; explicitFileType = wrapper.cfbundle; includeInIndex = 0; path = SwiftUICustomToggleTests.xctest; sourceTree = BUILT_PRODUCTS_DIR; };
		EF56A5182BDB27DB00AD28B5 /* SwiftUICustomToggleTests.swift */ = {isa = PBXFileReference; lastKnownFileType = sourcecode.swift; path = SwiftUICustomToggleTests.swift; sourceTree = "<group>"; };
		EF56A51E2BDB27DB00AD28B5 /* SwiftUICustomToggleUITests.xctest */ = {isa = PBXFileReference; explicitFileType = wrapper.cfbundle; includeInIndex = 0; path = SwiftUICustomToggleUITests.xctest; sourceTree = BUILT_PRODUCTS_DIR; };
		EF56A5222BDB27DB00AD28B5 /* SwiftUICustomToggleUITests.swift */ = {isa = PBXFileReference; lastKnownFileType = sourcecode.swift; path = SwiftUICustomToggleUITests.swift; sourceTree = "<group>"; };
		EF56A5242BDB27DB00AD28B5 /* SwiftUICustomToggleUITestsLaunchTests.swift */ = {isa = PBXFileReference; lastKnownFileType = sourcecode.swift; path = SwiftUICustomToggleUITestsLaunchTests.swift; sourceTree = "<group>"; };
/* End PBXFileReference section */

/* Begin PBXFrameworksBuildPhase section */
		EF56A5012BDB27D900AD28B5 /* Frameworks */ = {
			isa = PBXFrameworksBuildPhase;
			buildActionMask = 2147483647;
			files = (
			);
			runOnlyForDeploymentPostprocessing = 0;
		};
		EF56A5112BDB27DB00AD28B5 /* Frameworks */ = {
			isa = PBXFrameworksBuildPhase;
			buildActionMask = 2147483647;
			files = (
			);
			runOnlyForDeploymentPostprocessing = 0;
		};
		EF56A51B2BDB27DB00AD28B5 /* Frameworks */ = {
			isa = PBXFrameworksBuildPhase;
			buildActionMask = 2147483647;
			files = (
			);
			runOnlyForDeploymentPostprocessing = 0;
		};
/* End PBXFrameworksBuildPhase section */

/* Begin PBXGroup section */
		EF56A4FB2BDB27D900AD28B5 = {
			isa = PBXGroup;
			children = (
				EF56A5062BDB27D900AD28B5 /* SwiftUICustomToggle */,
				EF56A5172BDB27DB00AD28B5 /* SwiftUICustomToggleTests */,
				EF56A5212BDB27DB00AD28B5 /* SwiftUICustomToggleUITests */,
				EF56A5052BDB27D900AD28B5 /* Products */,
			);
			sourceTree = "<group>";
		};
		EF56A5052BDB27D900AD28B5 /* Products */ = {
			isa = PBXGroup;
			children = (
				EF56A5042BDB27D900AD28B5 /* SwiftUICustomToggle.app */,
				EF56A5142BDB27DB00AD28B5 /* SwiftUICustomToggleTests.xctest */,
				EF56A51E2BDB27DB00AD28B5 /* SwiftUICustomToggleUITests.xctest */,
			);
			name = Products;
			sourceTree = "<group>";
		};
		EF56A5062BDB27D900AD28B5 /* SwiftUICustomToggle */ = {
			isa = PBXGroup;
			children = (
				EF56A5072BDB27D900AD28B5 /* SwiftUICustomToggleApp.swift */,
				EF56A5092BDB27D900AD28B5 /* ContentView.swift */,
				EF56A50B2BDB27DB00AD28B5 /* Assets.xcassets */,
				EF56A50D2BDB27DB00AD28B5 /* Preview Content */,
			);
			path = SwiftUICustomToggle;
			sourceTree = "<group>";
		};
		EF56A50D2BDB27DB00AD28B5 /* Preview Content */ = {
			isa = PBXGroup;
			children = (
				EF56A50E2BDB27DB00AD28B5 /* Preview Assets.xcassets */,
			);
			path = "Preview Content";
			sourceTree = "<group>";
		};
		EF56A5172BDB27DB00AD28B5 /* SwiftUICustomToggleTests */ = {
			isa = PBXGroup;
			children = (
				EF56A5182BDB27DB00AD28B5 /* SwiftUICustomToggleTests.swift */,
			);
			path = SwiftUICustomToggleTests;
			sourceTree = "<group>";
		};
		EF56A5212BDB27DB00AD28B5 /* SwiftUICustomToggleUITests */ = {
			isa = PBXGroup;
			children = (
				EF56A5222BDB27DB00AD28B5 /* SwiftUICustomToggleUITests.swift */,
				EF56A5242BDB27DB00AD28B5 /* SwiftUICustomToggleUITestsLaunchTests.swift */,
			);
			path = SwiftUICustomToggleUITests;
			sourceTree = "<group>";
		};
/* End PBXGroup section */

/* Begin PBXNativeTarget section */
		EF56A5032BDB27D900AD28B5 /* SwiftUICustomToggle */ = {
			isa = PBXNativeTarget;
			buildConfigurationList = EF56A5282BDB27DB00AD28B5 /* Build configuration list for PBXNativeTarget "SwiftUICustomToggle" */;
			buildPhases = (
				EF56A5002BDB27D900AD28B5 /* Sources */,
				EF56A5012BDB27D900AD28B5 /* Frameworks */,
				EF56A5022BDB27D900AD28B5 /* Resources */,
			);
			buildRules = (
			);
			dependencies = (
			);
			name = SwiftUICustomToggle;
			productName = SwiftUICustomToggle;
			productReference = EF56A5042BDB27D900AD28B5 /* SwiftUICustomToggle.app */;
			productType = "com.apple.product-type.application";
		};
		EF56A5132BDB27DB00AD28B5 /* SwiftUICustomToggleTests */ = {
			isa = PBXNativeTarget;
			buildConfigurationList = EF56A52B2BDB27DB00AD28B5 /* Build configuration list for PBXNativeTarget "SwiftUICustomToggleTests" */;
			buildPhases = (
				EF56A5102BDB27DB00AD28B5 /* Sources */,
				EF56A5112BDB27DB00AD28B5 /* Frameworks */,
				EF56A5122BDB27DB00AD28B5 /* Resources */,
			);
			buildRules = (
			);
			dependencies = (
				EF56A5162BDB27DB00AD28B5 /* PBXTargetDependency */,
			);
			name = SwiftUICustomToggleTests;
			productName = SwiftUICustomToggleTests;
			productReference = EF56A5142BDB27DB00AD28B5 /* SwiftUICustomToggleTests.xctest */;
			productType = "com.apple.product-type.bundle.unit-test";
		};
		EF56A51D2BDB27DB00AD28B5 /* SwiftUICustomToggleUITests */ = {
			isa = PBXNativeTarget;
			buildConfigurationList = EF56A52E2BDB27DB00AD28B5 /* Build configuration list for PBXNativeTarget "SwiftUICustomToggleUITests" */;
			buildPhases = (
				EF56A51A2BDB27DB00AD28B5 /* Sources */,
				EF56A51B2BDB27DB00AD28B5 /* Frameworks */,
				EF56A51C2BDB27DB00AD28B5 /* Resources */,
			);
			buildRules = (
			);
			dependencies = (
				EF56A5202BDB27DB00AD28B5 /* PBXTargetDependency */,
			);
			name = SwiftUICustomToggleUITests;
			productName = SwiftUICustomToggleUITests;
			productReference = EF56A51E2BDB27DB00AD28B5 /* SwiftUICustomToggleUITests.xctest */;
			productType = "com.apple.product-type.bundle.ui-testing";
		};
/* End PBXNativeTarget section */

/* Begin PBXProject section */
		EF56A4FC2BDB27D900AD28B5 /* Project object */ = {
			isa = PBXProject;
			attributes = {
				BuildIndependentTargetsInParallel = 1;
				LastSwiftUpdateCheck = 1520;
				LastUpgradeCheck = 1520;
				TargetAttributes = {
					EF56A5032BDB27D900AD28B5 = {
						CreatedOnToolsVersion = 15.2;
					};
					EF56A5132BDB27DB00AD28B5 = {
						CreatedOnToolsVersion = 15.2;
						TestTargetID = EF56A5032BDB27D900AD28B5;
					};
					EF56A51D2BDB27DB00AD28B5 = {
						CreatedOnToolsVersion = 15.2;
						TestTargetID = EF56A5032BDB27D900AD28B5;
					};
				};
			};
			buildConfigurationList = EF56A4FF2BDB27D900AD28B5 /* Build configuration list for PBXProject "SwiftUICustomToggle" */;
			compatibilityVersion = "Xcode 14.0";
			developmentRegion = en;
			hasScannedForEncodings = 0;
			knownRegions = (
				en,
				Base,
			);
			mainGroup = EF56A4FB2BDB27D900AD28B5;
			productRefGroup = EF56A5052BDB27D900AD28B5 /* Products */;
			projectDirPath = "";
			projectRoot = "";
			targets = (
				EF56A5032BDB27D900AD28B5 /* SwiftUICustomToggle */,
				EF56A5132BDB27DB00AD28B5 /* SwiftUICustomToggleTests */,
				EF56A51D2BDB27DB00AD28B5 /* SwiftUICustomToggleUITests */,
			);
		};
/* End PBXProject section */

/* Begin PBXResourcesBuildPhase section */
		EF56A5022BDB27D900AD28B5 /* Resources */ = {
			isa = PBXResourcesBuildPhase;
			buildActionMask = 2147483647;
			files = (
				EF56A50F2BDB27DB00AD28B5 /* Preview Assets.xcassets in Resources */,
				EF56A50C2BDB27DB00AD28B5 /* Assets.xcassets in Resources */,
			);
			runOnlyForDeploymentPostprocessing = 0;
		};
		EF56A5122BDB27DB00AD28B5 /* Resources */ = {
			isa = PBXResourcesBuildPhase;
			buildActionMask = 2147483647;
			files = (
			);
			runOnlyForDeploymentPostprocessing = 0;
		};
		EF56A51C2BDB27DB00AD28B5 /* Resources */ = {
			isa = PBXResourcesBuildPhase;
			buildActionMask = 2147483647;
			files = (
			);
			runOnlyForDeploymentPostprocessing = 0;
		};
/* End PBXResourcesBuildPhase section */

/* Begin PBXSourcesBuildPhase section */
		EF56A5002BDB27D900AD28B5 /* Sources */ = {
			isa = PBXSourcesBuildPhase;
			buildActionMask = 2147483647;
			files = (
				EF56A50A2BDB27D900AD28B5 /* ContentView.swift in Sources */,
				EF56A5082BDB27D900AD28B5 /* SwiftUICustomToggleApp.swift in Sources */,
			);
			runOnlyForDeploymentPostprocessing = 0;
		};
		EF56A5102BDB27DB00AD28B5 /* Sources */ = {
			isa = PBXSourcesBuildPhase;
			buildActionMask = 2147483647;
			files = (
				EF56A5192BDB27DB00AD28B5 /* SwiftUICustomToggleTests.swift in Sources */,
			);
			runOnlyForDeploymentPostprocessing = 0;
		};
		EF56A51A2BDB27DB00AD28B5 /* Sources */ = {
			isa = PBXSourcesBuildPhase;
			buildActionMask = 2147483647;
			files = (
				EF56A5232BDB27DB00AD28B5 /* SwiftUICustomToggleUITests.swift in Sources */,
				EF56A5252BDB27DB00AD28B5 /* SwiftUICustomToggleUITestsLaunchTests.swift in Sources */,
			);
			runOnlyForDeploymentPostprocessing = 0;
		};
/* End PBXSourcesBuildPhase section */

/* Begin PBXTargetDependency section */
		EF56A5162BDB27DB00AD28B5 /* PBXTargetDependency */ = {
			isa = PBXTargetDependency;
			target = EF56A5032BDB27D900AD28B5 /* SwiftUICustomToggle */;
			targetProxy = EF56A5152BDB27DB00AD28B5 /* PBXContainerItemProxy */;
		};
		EF56A5202BDB27DB00AD28B5 /* PBXTargetDependency */ = {
			isa = PBXTargetDependency;
			target = EF56A5032BDB27D900AD28B5 /* SwiftUICustomToggle */;
			targetProxy = EF56A51F2BDB27DB00AD28B5 /* PBXContainerItemProxy */;
		};
/* End PBXTargetDependency section */

/* Begin XCBuildConfiguration section */
		EF56A5262BDB27DB00AD28B5 /* Debug */ = {
			isa = XCBuildConfiguration;
			buildSettings = {
				ALWAYS_SEARCH_USER_PATHS = NO;
				ASSETCATALOG_COMPILER_GENERATE_SWIFT_ASSET_SYMBOL_EXTENSIONS = YES;
				CLANG_ANALYZER_NONNULL = YES;
				CLANG_ANALYZER_NUMBER_OBJECT_CONVERSION = YES_AGGRESSIVE;
				CLANG_CXX_LANGUAGE_STANDARD = "gnu++20";
				CLANG_ENABLE_MODULES = YES;
				CLANG_ENABLE_OBJC_ARC = YES;
				CLANG_ENABLE_OBJC_WEAK = YES;
				CLANG_WARN_BLOCK_CAPTURE_AUTORELEASING = YES;
				CLANG_WARN_BOOL_CONVERSION = YES;
				CLANG_WARN_COMMA = YES;
				CLANG_WARN_CONSTANT_CONVERSION = YES;
				CLANG_WARN_DEPRECATED_OBJC_IMPLEMENTATIONS = YES;
				CLANG_WARN_DIRECT_OBJC_ISA_USAGE = YES_ERROR;
				CLANG_WARN_DOCUMENTATION_COMMENTS = YES;
				CLANG_WARN_EMPTY_BODY = YES;
				CLANG_WARN_ENUM_CONVERSION = YES;
				CLANG_WARN_INFINITE_RECURSION = YES;
				CLANG_WARN_INT_CONVERSION = YES;
				CLANG_WARN_NON_LITERAL_NULL_CONVERSION = YES;
				CLANG_WARN_OBJC_IMPLICIT_RETAIN_SELF = YES;
				CLANG_WARN_OBJC_LITERAL_CONVERSION = YES;
				CLANG_WARN_OBJC_ROOT_CLASS = YES_ERROR;
				CLANG_WARN_QUOTED_INCLUDE_IN_FRAMEWORK_HEADER = YES;
				CLANG_WARN_RANGE_LOOP_ANALYSIS = YES;
				CLANG_WARN_STRICT_PROTOTYPES = YES;
				CLANG_WARN_SUSPICIOUS_MOVE = YES;
				CLANG_WARN_UNGUARDED_AVAILABILITY = YES_AGGRESSIVE;
				CLANG_WARN_UNREACHABLE_CODE = YES;
				CLANG_WARN__DUPLICATE_METHOD_MATCH = YES;
				COPY_PHASE_STRIP = NO;
				DEBUG_INFORMATION_FORMAT = dwarf;
				ENABLE_STRICT_OBJC_MSGSEND = YES;
				ENABLE_TESTABILITY = YES;
				ENABLE_USER_SCRIPT_SANDBOXING = YES;
				GCC_C_LANGUAGE_STANDARD = gnu17;
				GCC_DYNAMIC_NO_PIC = NO;
				GCC_NO_COMMON_BLOCKS = YES;
				GCC_OPTIMIZATION_LEVEL = 0;
				GCC_PREPROCESSOR_DEFINITIONS = (
					"DEBUG=1",
					"$(inherited)",
				);
				GCC_WARN_64_TO_32_BIT_CONVERSION = YES;
				GCC_WARN_ABOUT_RETURN_TYPE = YES_ERROR;
				GCC_WARN_UNDECLARED_SELECTOR = YES;
				GCC_WARN_UNINITIALIZED_AUTOS = YES_AGGRESSIVE;
				GCC_WARN_UNUSED_FUNCTION = YES;
				GCC_WARN_UNUSED_VARIABLE = YES;
				IPHONEOS_DEPLOYMENT_TARGET = 17.2;
				LOCALIZATION_PREFERS_STRING_CATALOGS = YES;
				MTL_ENABLE_DEBUG_INFO = INCLUDE_SOURCE;
				MTL_FAST_MATH = YES;
				ONLY_ACTIVE_ARCH = YES;
				SDKROOT = iphoneos;
				SWIFT_ACTIVE_COMPILATION_CONDITIONS = "DEBUG $(inherited)";
				SWIFT_OPTIMIZATION_LEVEL = "-Onone";
			};
			name = Debug;
		};
		EF56A5272BDB27DB00AD28B5 /* Release */ = {
			isa = XCBuildConfiguration;
			buildSettings = {
				ALWAYS_SEARCH_USER_PATHS = NO;
				ASSETCATALOG_COMPILER_GENERATE_SWIFT_ASSET_SYMBOL_EXTENSIONS = YES;
				CLANG_ANALYZER_NONNULL = YES;
				CLANG_ANALYZER_NUMBER_OBJECT_CONVERSION = YES_AGGRESSIVE;
				CLANG_CXX_LANGUAGE_STANDARD = "gnu++20";
				CLANG_ENABLE_MODULES = YES;
				CLANG_ENABLE_OBJC_ARC = YES;
				CLANG_ENABLE_OBJC_WEAK = YES;
				CLANG_WARN_BLOCK_CAPTURE_AUTORELEASING = YES;
				CLANG_WARN_BOOL_CONVERSION = YES;
				CLANG_WARN_COMMA = YES;
				CLANG_WARN_CONSTANT_CONVERSION = YES;
				CLANG_WARN_DEPRECATED_OBJC_IMPLEMENTATIONS = YES;
				CLANG_WARN_DIRECT_OBJC_ISA_USAGE = YES_ERROR;
				CLANG_WARN_DOCUMENTATION_COMMENTS = YES;
				CLANG_WARN_EMPTY_BODY = YES;
				CLANG_WARN_ENUM_CONVERSION = YES;
				CLANG_WARN_INFINITE_RECURSION = YES;
				CLANG_WARN_INT_CONVERSION = YES;
				CLANG_WARN_NON_LITERAL_NULL_CONVERSION = YES;
				CLANG_WARN_OBJC_IMPLICIT_RETAIN_SELF = YES;
				CLANG_WARN_OBJC_LITERAL_CONVERSION = YES;
				CLANG_WARN_OBJC_ROOT_CLASS = YES_ERROR;
				CLANG_WARN_QUOTED_INCLUDE_IN_FRAMEWORK_HEADER = YES;
				CLANG_WARN_RANGE_LOOP_ANALYSIS = YES;
				CLANG_WARN_STRICT_PROTOTYPES = YES;
				CLANG_WARN_SUSPICIOUS_MOVE = YES;
				CLANG_WARN_UNGUARDED_AVAILABILITY = YES_AGGRESSIVE;
				CLANG_WARN_UNREACHABLE_CODE = YES;
				CLANG_WARN__DUPLICATE_METHOD_MATCH = YES;
				COPY_PHASE_STRIP = NO;
				DEBUG_INFORMATION_FORMAT = "dwarf-with-dsym";
				ENABLE_NS_ASSERTIONS = NO;
				ENABLE_STRICT_OBJC_MSGSEND = YES;
				ENABLE_USER_SCRIPT_SANDBOXING = YES;
				GCC_C_LANGUAGE_STANDARD = gnu17;
				GCC_NO_COMMON_BLOCKS = YES;
				GCC_WARN_64_TO_32_BIT_CONVERSION = YES;
				GCC_WARN_ABOUT_RETURN_TYPE = YES_ERROR;
				GCC_WARN_UNDECLARED_SELECTOR = YES;
				GCC_WARN_UNINITIALIZED_AUTOS = YES_AGGRESSIVE;
				GCC_WARN_UNUSED_FUNCTION = YES;
				GCC_WARN_UNUSED_VARIABLE = YES;
				IPHONEOS_DEPLOYMENT_TARGET = 17.2;
				LOCALIZATION_PREFERS_STRING_CATALOGS = YES;
				MTL_ENABLE_DEBUG_INFO = NO;
				MTL_FAST_MATH = YES;
				SDKROOT = iphoneos;
				SWIFT_COMPILATION_MODE = wholemodule;
				VALIDATE_PRODUCT = YES;
			};
			name = Release;
		};
		EF56A5292BDB27DB00AD28B5 /* Debug */ = {
			isa = XCBuildConfiguration;
			buildSettings = {
				ASSETCATALOG_COMPILER_APPICON_NAME = AppIcon;
				ASSETCATALOG_COMPILER_GLOBAL_ACCENT_COLOR_NAME = AccentColor;
				CODE_SIGN_STYLE = Automatic;
				CURRENT_PROJECT_VERSION = 1;
				DEVELOPMENT_ASSET_PATHS = "\"SwiftUICustomToggle/Preview Content\"";
				DEVELOPMENT_TEAM = JA868URLCA;
				ENABLE_PREVIEWS = YES;
				GENERATE_INFOPLIST_FILE = YES;
				INFOPLIST_KEY_UIApplicationSceneManifest_Generation = YES;
				INFOPLIST_KEY_UIApplicationSupportsIndirectInputEvents = YES;
				INFOPLIST_KEY_UILaunchScreen_Generation = YES;
				INFOPLIST_KEY_UISupportedInterfaceOrientations_iPad = "UIInterfaceOrientationPortrait UIInterfaceOrientationPortraitUpsideDown UIInterfaceOrientationLandscapeLeft UIInterfaceOrientationLandscapeRight";
				INFOPLIST_KEY_UISupportedInterfaceOrientations_iPhone = "UIInterfaceOrientationPortrait UIInterfaceOrientationLandscapeLeft UIInterfaceOrientationLandscapeRight";
				LD_RUNPATH_SEARCH_PATHS = (
					"$(inherited)",
					"@executable_path/Frameworks",
				);
				MARKETING_VERSION = 1.0;
				PRODUCT_BUNDLE_IDENTIFIER = com.SimSangGab.SwiftUICustomToggle;
				PRODUCT_NAME = "$(TARGET_NAME)";
				SWIFT_EMIT_LOC_STRINGS = YES;
				SWIFT_VERSION = 5.0;
				TARGETED_DEVICE_FAMILY = "1,2";
			};
			name = Debug;
		};
		EF56A52A2BDB27DB00AD28B5 /* Release */ = {
			isa = XCBuildConfiguration;
			buildSettings = {
				ASSETCATALOG_COMPILER_APPICON_NAME = AppIcon;
				ASSETCATALOG_COMPILER_GLOBAL_ACCENT_COLOR_NAME = AccentColor;
				CODE_SIGN_STYLE = Automatic;
				CURRENT_PROJECT_VERSION = 1;
				DEVELOPMENT_ASSET_PATHS = "\"SwiftUICustomToggle/Preview Content\"";
				DEVELOPMENT_TEAM = JA868URLCA;
				ENABLE_PREVIEWS = YES;
				GENERATE_INFOPLIST_FILE = YES;
				INFOPLIST_KEY_UIApplicationSceneManifest_Generation = YES;
				INFOPLIST_KEY_UIApplicationSupportsIndirectInputEvents = YES;
				INFOPLIST_KEY_UILaunchScreen_Generation = YES;
				INFOPLIST_KEY_UISupportedInterfaceOrientations_iPad = "UIInterfaceOrientationPortrait UIInterfaceOrientationPortraitUpsideDown UIInterfaceOrientationLandscapeLeft UIInterfaceOrientationLandscapeRight";
				INFOPLIST_KEY_UISupportedInterfaceOrientations_iPhone = "UIInterfaceOrientationPortrait UIInterfaceOrientationLandscapeLeft UIInterfaceOrientationLandscapeRight";
				LD_RUNPATH_SEARCH_PATHS = (
					"$(inherited)",
					"@executable_path/Frameworks",
				);
				MARKETING_VERSION = 1.0;
				PRODUCT_BUNDLE_IDENTIFIER = com.SimSangGab.SwiftUICustomToggle;
				PRODUCT_NAME = "$(TARGET_NAME)";
				SWIFT_EMIT_LOC_STRINGS = YES;
				SWIFT_VERSION = 5.0;
				TARGETED_DEVICE_FAMILY = "1,2";
			};
			name = Release;
		};
		EF56A52C2BDB27DB00AD28B5 /* Debug */ = {
			isa = XCBuildConfiguration;
			buildSettings = {
				ALWAYS_EMBED_SWIFT_STANDARD_LIBRARIES = YES;
				BUNDLE_LOADER = "$(TEST_HOST)";
				CODE_SIGN_STYLE = Automatic;
				CURRENT_PROJECT_VERSION = 1;
				DEVELOPMENT_TEAM = JA868URLCA;
				GENERATE_INFOPLIST_FILE = YES;
				IPHONEOS_DEPLOYMENT_TARGET = 17.2;
				MARKETING_VERSION = 1.0;
				PRODUCT_BUNDLE_IDENTIFIER = com.SimSangGab.SwiftUICustomToggleTests;
				PRODUCT_NAME = "$(TARGET_NAME)";
				SWIFT_EMIT_LOC_STRINGS = NO;
				SWIFT_VERSION = 5.0;
				TARGETED_DEVICE_FAMILY = "1,2";
				TEST_HOST = "$(BUILT_PRODUCTS_DIR)/SwiftUICustomToggle.app/$(BUNDLE_EXECUTABLE_FOLDER_PATH)/SwiftUICustomToggle";
			};
			name = Debug;
		};
		EF56A52D2BDB27DB00AD28B5 /* Release */ = {
			isa = XCBuildConfiguration;
			buildSettings = {
				ALWAYS_EMBED_SWIFT_STANDARD_LIBRARIES = YES;
				BUNDLE_LOADER = "$(TEST_HOST)";
				CODE_SIGN_STYLE = Automatic;
				CURRENT_PROJECT_VERSION = 1;
				DEVELOPMENT_TEAM = JA868URLCA;
				GENERATE_INFOPLIST_FILE = YES;
				IPHONEOS_DEPLOYMENT_TARGET = 17.2;
				MARKETING_VERSION = 1.0;
				PRODUCT_BUNDLE_IDENTIFIER = com.SimSangGab.SwiftUICustomToggleTests;
				PRODUCT_NAME = "$(TARGET_NAME)";
				SWIFT_EMIT_LOC_STRINGS = NO;
				SWIFT_VERSION = 5.0;
				TARGETED_DEVICE_FAMILY = "1,2";
				TEST_HOST = "$(BUILT_PRODUCTS_DIR)/SwiftUICustomToggle.app/$(BUNDLE_EXECUTABLE_FOLDER_PATH)/SwiftUICustomToggle";
			};
			name = Release;
		};
		EF56A52F2BDB27DB00AD28B5 /* Debug */ = {
			isa = XCBuildConfiguration;
			buildSettings = {
				ALWAYS_EMBED_SWIFT_STANDARD_LIBRARIES = YES;
				CODE_SIGN_STYLE = Automatic;
				CURRENT_PROJECT_VERSION = 1;
				DEVELOPMENT_TEAM = JA868URLCA;
				GENERATE_INFOPLIST_FILE = YES;
				MARKETING_VERSION = 1.0;
				PRODUCT_BUNDLE_IDENTIFIER = com.SimSangGab.SwiftUICustomToggleUITests;
				PRODUCT_NAME = "$(TARGET_NAME)";
				SWIFT_EMIT_LOC_STRINGS = NO;
				SWIFT_VERSION = 5.0;
				TARGETED_DEVICE_FAMILY = "1,2";
				TEST_TARGET_NAME = SwiftUICustomToggle;
			};
			name = Debug;
		};
		EF56A5302BDB27DB00AD28B5 /* Release */ = {
			isa = XCBuildConfiguration;
			buildSettings = {
				ALWAYS_EMBED_SWIFT_STANDARD_LIBRARIES = YES;
				CODE_SIGN_STYLE = Automatic;
				CURRENT_PROJECT_VERSION = 1;
				DEVELOPMENT_TEAM = JA868URLCA;
				GENERATE_INFOPLIST_FILE = YES;
				MARKETING_VERSION = 1.0;
				PRODUCT_BUNDLE_IDENTIFIER = com.SimSangGab.SwiftUICustomToggleUITests;
				PRODUCT_NAME = "$(TARGET_NAME)";
				SWIFT_EMIT_LOC_STRINGS = NO;
				SWIFT_VERSION = 5.0;
				TARGETED_DEVICE_FAMILY = "1,2";
				TEST_TARGET_NAME = SwiftUICustomToggle;
			};
			name = Release;
		};
/* End XCBuildConfiguration section */

/* Begin XCConfigurationList section */
		EF56A4FF2BDB27D900AD28B5 /* Build configuration list for PBXProject "SwiftUICustomToggle" */ = {
			isa = XCConfigurationList;
			buildConfigurations = (
				EF56A5262BDB27DB00AD28B5 /* Debug */,
				EF56A5272BDB27DB00AD28B5 /* Release */,
			);
			defaultConfigurationIsVisible = 0;
			defaultConfigurationName = Release;
		};
		EF56A5282BDB27DB00AD28B5 /* Build configuration list for PBXNativeTarget "SwiftUICustomToggle" */ = {
			isa = XCConfigurationList;
			buildConfigurations = (
				EF56A5292BDB27DB00AD28B5 /* Debug */,
				EF56A52A2BDB27DB00AD28B5 /* Release */,
			);
			defaultConfigurationIsVisible = 0;
			defaultConfigurationName = Release;
		};
		EF56A52B2BDB27DB00AD28B5 /* Build configuration list for PBXNativeTarget "SwiftUICustomToggleTests" */ = {
			isa = XCConfigurationList;
			buildConfigurations = (
				EF56A52C2BDB27DB00AD28B5 /* Debug */,
				EF56A52D2BDB27DB00AD28B5 /* Release */,
			);
			defaultConfigurationIsVisible = 0;
			defaultConfigurationName = Release;
		};
		EF56A52E2BDB27DB00AD28B5 /* Build configuration list for PBXNativeTarget "SwiftUICustomToggleUITests" */ = {
			isa = XCConfigurationList;
			buildConfigurations = (
				EF56A52F2BDB27DB00AD28B5 /* Debug */,
				EF56A5302BDB27DB00AD28B5 /* Release */,
			);
			defaultConfigurationIsVisible = 0;
			defaultConfigurationName = Release;
		};
/* End XCConfigurationList section */
	};
	rootObject = EF56A4FC2BDB27D900AD28B5 /* Project object */;
}
